
Microsoft Visual Studio Solution File, Format Version 12.00
# Visual Studio Version 17
VisualStudioVersion = 17.4.33213.308
MinimumVisualStudioVersion = 10.0.40219.1
Project("{9A19103F-16F7-4668-BE54-9A1E7A4F7556}") = "Infrastructure", "Infrastructure\Infrastructure.csproj", "{FDD7F575-6B4C-4478-8276-4D4FAADB574A}"
EndProject
Project("{9A19103F-16F7-4668-BE54-9A1E7A4F7556}") = "BusinessLogic", "BusinessLogic\BusinessLogic.csproj", "{0429A22D-74CB-47A2-999A-3B675C3E3117}"
EndProject
Project("{9A19103F-16F7-4668-BE54-9A1E7A4F7556}") = "SignalRTestApp", "SignalRTestApp\SignalRTestApp.csproj", "{8FD8C25D-4EF8-45A3-9371-EB7D1C2D07F7}"
EndProject
Project("{9A19103F-16F7-4668-BE54-9A1E7A4F7556}") = "UnitTests", "UnitTests\UnitTests.csproj", "{A7731198-D493-4572-9D8F-953825F907CB}"
EndProject
Project("{9A19103F-16F7-4668-BE54-9A1E7A4F7556}") = "IntegrationTests", "IntegrationTests\IntegrationTests.csproj", "{524F6229-99EF-4B78-AD28-3A3E8237AF25}"
EndProject
Project("{9A19103F-16F7-4668-BE54-9A1E7A4F7556}") = "Web", "Web\Web.csproj", "{6B029E11-4A74-4376-813E-1D5BB25539BB}"
EndProject
Global
	GlobalSection(SolutionConfigurationPlatforms) = preSolution
		Debug|Any CPU = Debug|Any CPU
		Release|Any CPU = Release|Any CPU
	EndGlobalSection
	GlobalSection(ProjectConfigurationPlatforms) = postSolution
		{FDD7F575-6B4C-4478-8276-4D4FAADB574A}.Debug|Any CPU.ActiveCfg = Debug|Any CPU
		{FDD7F575-6B4C-4478-8276-4D4FAADB574A}.Debug|Any CPU.Build.0 = Debug|Any CPU
		{FDD7F575-6B4C-4478-8276-4D4FAADB574A}.Release|Any CPU.ActiveCfg = Release|Any CPU
		{FDD7F575-6B4C-4478-8276-4D4FAADB574A}.Release|Any CPU.Build.0 = Release|Any CPU
		{0429A22D-74CB-47A2-999A-3B675C3E3117}.Debug|Any CPU.ActiveCfg = Debug|Any CPU
		{0429A22D-74CB-47A2-999A-3B675C3E3117}.Debug|Any CPU.Build.0 = Debug|Any CPU
		{0429A22D-74CB-47A2-999A-3B675C3E3117}.Release|Any CPU.ActiveCfg = Release|Any CPU
		{0429A22D-74CB-47A2-999A-3B675C3E3117}.Release|Any CPU.Build.0 = Release|Any CPU
		{8FD8C25D-4EF8-45A3-9371-EB7D1C2D07F7}.Debug|Any CPU.ActiveCfg = Debug|Any CPU
		{8FD8C25D-4EF8-45A3-9371-EB7D1C2D07F7}.Debug|Any CPU.Build.0 = Debug|Any CPU
		{8FD8C25D-4EF8-45A3-9371-EB7D1C2D07F7}.Release|Any CPU.ActiveCfg = Release|Any CPU
		{8FD8C25D-4EF8-45A3-9371-EB7D1C2D07F7}.Release|Any CPU.Build.0 = Release|Any CPU
		{A7731198-D493-4572-9D8F-953825F907CB}.Debug|Any CPU.ActiveCfg = Debug|Any CPU
		{A7731198-D493-4572-9D8F-953825F907CB}.Debug|Any CPU.Build.0 = Debug|Any CPU
		{A7731198-D493-4572-9D8F-953825F907CB}.Release|Any CPU.ActiveCfg = Release|Any CPU
		{A7731198-D493-4572-9D8F-953825F907CB}.Release|Any CPU.Build.0 = Release|Any CPU
		{524F6229-99EF-4B78-AD28-3A3E8237AF25}.Debug|Any CPU.ActiveCfg = Debug|Any CPU
		{524F6229-99EF-4B78-AD28-3A3E8237AF25}.Debug|Any CPU.Build.0 = Debug|Any CPU
		{524F6229-99EF-4B78-AD28-3A3E8237AF25}.Release|Any CPU.ActiveCfg = Release|Any CPU
		{524F6229-99EF-4B78-AD28-3A3E8237AF25}.Release|Any CPU.Build.0 = Release|Any CPU
		{6B029E11-4A74-4376-813E-1D5BB25539BB}.Debug|Any CPU.ActiveCfg = Debug|Any CPU
		{6B029E11-4A74-4376-813E-1D5BB25539BB}.Debug|Any CPU.Build.0 = Debug|Any CPU
		{6B029E11-4A74-4376-813E-1D5BB25539BB}.Release|Any CPU.ActiveCfg = Release|Any CPU
		{6B029E11-4A74-4376-813E-1D5BB25539BB}.Release|Any CPU.Build.0 = Release|Any CPU
	EndGlobalSection
	GlobalSection(SolutionProperties) = preSolution
		HideSolutionNode = FALSE
	EndGlobalSection
	GlobalSection(ExtensibilityGlobals) = postSolution
		SolutionGuid = {C4E94A31-A406-4DEA-8A33-A9B600BD92EA}
	EndGlobalSection
EndGlobal
